
Microsoft Visual Studio Solution File, Format Version 12.00
# Visual Studio 15
VisualStudioVersion = 15.0.27703.2026
MinimumVisualStudioVersion = 10.0.40219.1
Project("{FAE04EC0-301F-11D3-BF4B-00C04F79EFBC}") = "LoadFileManager", "LoadFileManager.csproj", "{24DA79B3-B9D9-4DB2-B2F3-FEB4B5604BC4}"
EndProject
Global
	GlobalSection(SolutionConfigurationPlatforms) = preSolution
		Debug|Any CPU = Debug|Any CPU
		Release|Any CPU = Release|Any CPU
	EndGlobalSection
	GlobalSection(ProjectConfigurationPlatforms) = postSolution
		{24DA79B3-B9D9-4DB2-B2F3-FEB4B5604BC4}.Debug|Any CPU.ActiveCfg = Debug|Any CPU
		{24DA79B3-B9D9-4DB2-B2F3-FEB4B5604BC4}.Debug|Any CPU.Build.0 = Debug|Any CPU
		{24DA79B3-B9D9-4DB2-B2F3-FEB4B5604BC4}.Release|Any CPU.ActiveCfg = Release|Any CPU
		{24DA79B3-B9D9-4DB2-B2F3-FEB4B5604BC4}.Release|Any CPU.Build.0 = Release|Any CPU
	EndGlobalSection
	GlobalSection(SolutionProperties) = preSolution
		HideSolutionNode = FALSE
	EndGlobalSection
	GlobalSection(ExtensibilityGlobals) = postSolution
		SolutionGuid = {A75A2642-927B-4D1A-94F7-DA2BF21E8BCF}
	EndGlobalSection
EndGlobal
